
Microsoft Visual Studio Solution File, Format Version 12.00
# Visual Studio Version 17
VisualStudioVersion = 17.7.34024.191
MinimumVisualStudioVersion = 10.0.40219.1
Project("{FAE04EC0-301F-11D3-BF4B-00C04F79EFBC}") = "Button-Label-Ornek-1", "Button-Label-Ornek-1\Button-Label-Ornek-1.csproj", "{84922184-CF81-4D4F-94E5-4B196AEE977A}"
EndProject
Global
	GlobalSection(SolutionConfigurationPlatforms) = preSolution
		Debug|Any CPU = Debug|Any CPU
		Release|Any CPU = Release|Any CPU
	EndGlobalSection
	GlobalSection(ProjectConfigurationPlatforms) = postSolution
		{84922184-CF81-4D4F-94E5-4B196AEE977A}.Debug|Any CPU.ActiveCfg = Debug|Any CPU
		{84922184-CF81-4D4F-94E5-4B196AEE977A}.Debug|Any CPU.Build.0 = Debug|Any CPU
		{84922184-CF81-4D4F-94E5-4B196AEE977A}.Release|Any CPU.ActiveCfg = Release|Any CPU
		{84922184-CF81-4D4F-94E5-4B196AEE977A}.Release|Any CPU.Build.0 = Release|Any CPU
	EndGlobalSection
	GlobalSection(SolutionProperties) = preSolution
		HideSolutionNode = FALSE
	EndGlobalSection
	GlobalSection(ExtensibilityGlobals) = postSolution
		SolutionGuid = {CCE208C1-70F0-4DFB-B02C-8AE7F991A6BB}
	EndGlobalSection
EndGlobal
